
Microsoft Visual Studio Solution File, Format Version 12.00
# Visual Studio Version 17
VisualStudioVersion = 17.14.36310.24 d17.14
MinimumVisualStudioVersion = 10.0.40219.1
Project("{FAE04EC0-301F-11D3-BF4B-00C04F79EFBC}") = "VelvetVeogue", "VelvetVeogue\VelvetVeogue.csproj", "{3C461E91-2139-49EC-A22E-2D0A89B163A5}"
EndProject
Global
	GlobalSection(SolutionConfigurationPlatforms) = preSolution
		Debug|Any CPU = Debug|Any CPU
		Release|Any CPU = Release|Any CPU
	EndGlobalSection
	GlobalSection(ProjectConfigurationPlatforms) = postSolution
		{3C461E91-2139-49EC-A22E-2D0A89B163A5}.Debug|Any CPU.ActiveCfg = Debug|Any CPU
		{3C461E91-2139-49EC-A22E-2D0A89B163A5}.Debug|Any CPU.Build.0 = Debug|Any CPU
		{3C461E91-2139-49EC-A22E-2D0A89B163A5}.Release|Any CPU.ActiveCfg = Release|Any CPU
		{3C461E91-2139-49EC-A22E-2D0A89B163A5}.Release|Any CPU.Build.0 = Release|Any CPU
	EndGlobalSection
	GlobalSection(SolutionProperties) = preSolution
		HideSolutionNode = FALSE
	EndGlobalSection
	GlobalSection(ExtensibilityGlobals) = postSolution
		SolutionGuid = {02404AD2-A795-4A90-ACC9-42CE25BC2926}
	EndGlobalSection
EndGlobal
